// !$*UTF8*$!
{
	archiveVersion = 1;
	classes = {
	};
	objectVersion = 56;
	objects = {

/* Begin PBXBuildFile section */
		A10000010000000000000001 /* MesmerApp.swift in Sources */ = {isa = PBXBuildFile; fileRef = A10000020000000000000001 /* MesmerApp.swift */; };
		B20000010000000000000001 /* Models.swift in Sources */ = {isa = PBXBuildFile; fileRef = B20000020000000000000001 /* Models.swift */; };
		B20000030000000000000001 /* PersonaManager.swift in Sources */ = {isa = PBXBuildFile; fileRef = B20000040000000000000001 /* PersonaManager.swift */; };
		B20000050000000000000001 /* HistoryManager.swift in Sources */ = {isa = PBXBuildFile; fileRef = B20000060000000000000001 /* HistoryManager.swift */; };
		B20000070000000000000001 /* AccessibilityService.swift in Sources */ = {isa = PBXBuildFile; fileRef = B20000080000000000000001 /* AccessibilityService.swift */; };
		B20000090000000000000001 /* GlobalKeyListener.swift in Sources */ = {isa = PBXBuildFile; fileRef = B200000A0000000000000001 /* GlobalKeyListener.swift */; };
		B200000B0000000000000001 /* TextSelectionObserver.swift in Sources */ = {isa = PBXBuildFile; fileRef = B200000C0000000000000001 /* TextSelectionObserver.swift */; };
		B200000D0000000000000001 /* DictationPillWindow.swift in Sources */ = {isa = PBXBuildFile; fileRef = B200000E0000000000000001 /* DictationPillWindow.swift */; };
		B200000F0000000000000001 /* RewriteToolbarWindow.swift in Sources */ = {isa = PBXBuildFile; fileRef = B20000100000000000000001 /* RewriteToolbarWindow.swift */; };
		B20000110000000000000001 /* DictationCoordinator.swift in Sources */ = {isa = PBXBuildFile; fileRef = B20000120000000000000001 /* DictationCoordinator.swift */; };
		B20000130000000000000001 /* RewriteCoordinator.swift in Sources */ = {isa = PBXBuildFile; fileRef = B20000140000000000000001 /* RewriteCoordinator.swift */; };
		B20000150000000000000001 /* AppDelegate.swift in Sources */ = {isa = PBXBuildFile; fileRef = B20000160000000000000001 /* AppDelegate.swift */; };
		B20000170000000000000001 /* PersonasView.swift in Sources */ = {isa = PBXBuildFile; fileRef = B20000180000000000000001 /* PersonasView.swift */; };
		B20000190000000000000001 /* HistoryView.swift in Sources */ = {isa = PBXBuildFile; fileRef = B200001A0000000000000001 /* HistoryView.swift */; };
		B200001B0000000000000001 /* SettingsView.swift in Sources */ = {isa = PBXBuildFile; fileRef = B200001C0000000000000001 /* SettingsView.swift */; };
/* End PBXBuildFile section */

/* Begin PBXFileReference section */
		A10000020000000000000001 /* MesmerApp.swift */ = {isa = PBXFileReference; lastKnownFileType = sourcecode.swift; path = MesmerApp.swift; sourceTree = "<group>"; };
		A10000030000000000000001 /* Mesmer.entitlements */ = {isa = PBXFileReference; lastKnownFileType = text.plist.entitlements; path = Mesmer.entitlements; sourceTree = "<group>"; };
		A10000040000000000000001 /* Info.plist */ = {isa = PBXFileReference; lastKnownFileType = text.plist.xml; path = Info.plist; sourceTree = "<group>"; };
		A10000050000000000000001 /* Mesmer.app */ = {isa = PBXFileReference; explicitFileType = wrapper.application; includeInIndex = 0; path = Mesmer.app; sourceTree = BUILT_PRODUCTS_DIR; };
		B20000020000000000000001 /* Models.swift */ = {isa = PBXFileReference; lastKnownFileType = sourcecode.swift; path = Models.swift; sourceTree = "<group>"; };
		B20000040000000000000001 /* PersonaManager.swift */ = {isa = PBXFileReference; lastKnownFileType = sourcecode.swift; path = PersonaManager.swift; sourceTree = "<group>"; };
		B20000060000000000000001 /* HistoryManager.swift */ = {isa = PBXFileReference; lastKnownFileType = sourcecode.swift; path = HistoryManager.swift; sourceTree = "<group>"; };
		B20000080000000000000001 /* AccessibilityService.swift */ = {isa = PBXFileReference; lastKnownFileType = sourcecode.swift; path = AccessibilityService.swift; sourceTree = "<group>"; };
		B200000A0000000000000001 /* GlobalKeyListener.swift */ = {isa = PBXFileReference; lastKnownFileType = sourcecode.swift; path = GlobalKeyListener.swift; sourceTree = "<group>"; };
		B200000C0000000000000001 /* TextSelectionObserver.swift */ = {isa = PBXFileReference; lastKnownFileType = sourcecode.swift; path = TextSelectionObserver.swift; sourceTree = "<group>"; };
		B200000E0000000000000001 /* DictationPillWindow.swift */ = {isa = PBXFileReference; lastKnownFileType = sourcecode.swift; path = DictationPillWindow.swift; sourceTree = "<group>"; };
		B20000100000000000000001 /* RewriteToolbarWindow.swift */ = {isa = PBXFileReference; lastKnownFileType = sourcecode.swift; path = RewriteToolbarWindow.swift; sourceTree = "<group>"; };
		B20000120000000000000001 /* DictationCoordinator.swift */ = {isa = PBXFileReference; lastKnownFileType = sourcecode.swift; path = DictationCoordinator.swift; sourceTree = "<group>"; };
		B20000140000000000000001 /* RewriteCoordinator.swift */ = {isa = PBXFileReference; lastKnownFileType = sourcecode.swift; path = RewriteCoordinator.swift; sourceTree = "<group>"; };
		B20000160000000000000001 /* AppDelegate.swift */ = {isa = PBXFileReference; lastKnownFileType = sourcecode.swift; path = AppDelegate.swift; sourceTree = "<group>"; };
		B20000180000000000000001 /* PersonasView.swift */ = {isa = PBXFileReference; lastKnownFileType = sourcecode.swift; path = PersonasView.swift; sourceTree = "<group>"; };
		B200001A0000000000000001 /* HistoryView.swift */ = {isa = PBXFileReference; lastKnownFileType = sourcecode.swift; path = HistoryView.swift; sourceTree = "<group>"; };
		B200001C0000000000000001 /* SettingsView.swift */ = {isa = PBXFileReference; lastKnownFileType = sourcecode.swift; path = SettingsView.swift; sourceTree = "<group>"; };
/* End PBXFileReference section */

/* Begin PBXFrameworksBuildPhase section */
		A10000060000000000000001 /* Frameworks */ = {
			isa = PBXFrameworksBuildPhase;
			buildActionMask = 2147483647;
			files = (
			);
			runOnlyForDeploymentPostprocessing = 0;
		};
/* End PBXFrameworksBuildPhase section */

/* Begin PBXGroup section */
		A10000070000000000000001 = {
			isa = PBXGroup;
			children = (
				A10000080000000000000001 /* Mesmer */,
				A10000090000000000000001 /* Products */,
			);
			sourceTree = "<group>";
		};
		A10000080000000000000001 /* Mesmer */ = {
			isa = PBXGroup;
			children = (
				A10000020000000000000001 /* MesmerApp.swift */,
				B20000160000000000000001 /* AppDelegate.swift */,
				B20000020000000000000001 /* Models.swift */,
				B20000040000000000000001 /* PersonaManager.swift */,
				B20000060000000000000001 /* HistoryManager.swift */,
				B20000080000000000000001 /* AccessibilityService.swift */,
				B200000A0000000000000001 /* GlobalKeyListener.swift */,
				B200000C0000000000000001 /* TextSelectionObserver.swift */,
				B200000E0000000000000001 /* DictationPillWindow.swift */,
				B20000100000000000000001 /* RewriteToolbarWindow.swift */,
				B20000120000000000000001 /* DictationCoordinator.swift */,
				B20000140000000000000001 /* RewriteCoordinator.swift */,
				B20000180000000000000001 /* PersonasView.swift */,
				B200001A0000000000000001 /* HistoryView.swift */,
				B200001C0000000000000001 /* SettingsView.swift */,
				A10000030000000000000001 /* Mesmer.entitlements */,
				A10000040000000000000001 /* Info.plist */,
			);
			path = Mesmer;
			sourceTree = "<group>";
		};
		A10000090000000000000001 /* Products */ = {
			isa = PBXGroup;
			children = (
				A10000050000000000000001 /* Mesmer.app */,
			);
			name = Products;
			sourceTree = "<group>";
		};
/* End PBXGroup section */

/* Begin PBXNativeTarget section */
		A100000A0000000000000001 /* Mesmer */ = {
			isa = PBXNativeTarget;
			buildConfigurationList = A100000E0000000000000001 /* Build configuration list for PBXNativeTarget "Mesmer" */;
			buildPhases = (
				A100000B0000000000000001 /* Sources */,
				A10000060000000000000001 /* Frameworks */,
			);
			buildRules = (
			);
			dependencies = (
			);
			name = Mesmer;
			productName = Mesmer;
			productReference = A10000050000000000000001 /* Mesmer.app */;
			productType = "com.apple.product-type.application";
		};
/* End PBXNativeTarget section */

/* Begin PBXProject section */
		A100000C0000000000000001 /* Project object */ = {
			isa = PBXProject;
			attributes = {
				BuildIndependentTargetsInParallel = 1;
				LastSwiftUpdateCheck = 1600;
				LastUpgradeCheck = 1600;
			};
			buildConfigurationList = A100000D0000000000000001 /* Build configuration list for PBXProject "Mesmer" */;
			compatibilityVersion = "Xcode 14.0";
			developmentRegion = en;
			hasScannedForEncodings = 0;
			knownRegions = (
				en,
				Base,
			);
			mainGroup = A10000070000000000000001;
			productRefGroup = A10000090000000000000001 /* Products */;
			projectDirPath = "";
			projectRoot = "";
			targets = (
				A100000A0000000000000001 /* Mesmer */,
			);
		};
/* End PBXProject section */

/* Begin PBXSourcesBuildPhase section */
		A100000B0000000000000001 /* Sources */ = {
			isa = PBXSourcesBuildPhase;
			buildActionMask = 2147483647;
			files = (
				A10000010000000000000001 /* MesmerApp.swift in Sources */,
				B20000010000000000000001 /* Models.swift in Sources */,
				B20000030000000000000001 /* PersonaManager.swift in Sources */,
				B20000050000000000000001 /* HistoryManager.swift in Sources */,
				B20000070000000000000001 /* AccessibilityService.swift in Sources */,
				B20000090000000000000001 /* GlobalKeyListener.swift in Sources */,
				B200000B0000000000000001 /* TextSelectionObserver.swift in Sources */,
				B200000D0000000000000001 /* DictationPillWindow.swift in Sources */,
				B200000F0000000000000001 /* RewriteToolbarWindow.swift in Sources */,
				B20000110000000000000001 /* DictationCoordinator.swift in Sources */,
				B20000130000000000000001 /* RewriteCoordinator.swift in Sources */,
				B20000150000000000000001 /* AppDelegate.swift in Sources */,
				B20000170000000000000001 /* PersonasView.swift in Sources */,
				B20000190000000000000001 /* HistoryView.swift in Sources */,
				B200001B0000000000000001 /* SettingsView.swift in Sources */,
			);
			runOnlyForDeploymentPostprocessing = 0;
		};
/* End PBXSourcesBuildPhase section */

/* Begin XCBuildConfiguration section */
		A100000F0000000000000001 /* Debug */ = {
			isa = XCBuildConfiguration;
			buildSettings = {
				ALWAYS_SEARCH_USER_PATHS = NO;
				ASSETCATALOG_COMPILER_GENERATE_SWIFT_ASSET_SYMBOL_EXTENSIONS = YES;
				CLANG_ANALYZER_NONNULL = YES;
				CLANG_CXX_LANGUAGE_STANDARD = "gnu++20";
				CLANG_ENABLE_MODULES = YES;
				CLANG_ENABLE_OBJC_ARC = YES;
				COPY_PHASE_STRIP = NO;
				DEBUG_INFORMATION_FORMAT = dwarf;
				ENABLE_STRICT_OBJC_MSGSEND = YES;
				ENABLE_TESTABILITY = YES;
				GCC_DYNAMIC_NO_PIC = NO;
				GCC_OPTIMIZATION_LEVEL = 0;
				GCC_PREPROCESSOR_DEFINITIONS = (
					"DEBUG=1",
					"$(inherited)",
				);
				GCC_WARN_ABOUT_RETURN_TYPE = YES_ERROR;
				GCC_WARN_UNINITIALIZED_AUTOS = YES_AGGRESSIVE;
				MACOSX_DEPLOYMENT_TARGET = 26.0;
				MTL_ENABLE_DEBUG_INFO = INCLUDE_SOURCE;
				ONLY_ACTIVE_ARCH = YES;
				SDKROOT = macosx;
				SWIFT_ACTIVE_COMPILATION_CONDITIONS = "$(inherited) DEBUG";
				SWIFT_OPTIMIZATION_LEVEL = "-Onone";
			};
			name = Debug;
		};
		A10000100000000000000001 /* Release */ = {
			isa = XCBuildConfiguration;
			buildSettings = {
				ALWAYS_SEARCH_USER_PATHS = NO;
				ASSETCATALOG_COMPILER_GENERATE_SWIFT_ASSET_SYMBOL_EXTENSIONS = YES;
				CLANG_ANALYZER_NONNULL = YES;
				CLANG_CXX_LANGUAGE_STANDARD = "gnu++20";
				CLANG_ENABLE_MODULES = YES;
				CLANG_ENABLE_OBJC_ARC = YES;
				COPY_PHASE_STRIP = NO;
				DEBUG_INFORMATION_FORMAT = "dwarf-with-dsym";
				ENABLE_NS_ASSERTIONS = NO;
				ENABLE_STRICT_OBJC_MSGSEND = YES;
				GCC_WARN_ABOUT_RETURN_TYPE = YES_ERROR;
				GCC_WARN_UNINITIALIZED_AUTOS = YES_AGGRESSIVE;
				MACOSX_DEPLOYMENT_TARGET = 26.0;
				SDKROOT = macosx;
				SWIFT_COMPILATION_MODE = wholemodule;
			};
			name = Release;
		};
		A10000110000000000000001 /* Debug */ = {
			isa = XCBuildConfiguration;
			buildSettings = {
				ARCHS = arm64;
				ASSETCATALOG_COMPILER_APPICON_NAME = AppIcon;
				CODE_SIGN_ENTITLEMENTS = Mesmer/Mesmer.entitlements;
				CODE_SIGN_STYLE = Automatic;
				DEVELOPMENT_TEAM = N26FZ4GW28;
				COMBINE_HIDPI_IMAGES = YES;
				CURRENT_PROJECT_VERSION = 2;
				GENERATE_INFOPLIST_FILE = YES;
				INFOPLIST_FILE = Mesmer/Info.plist;
				INFOPLIST_KEY_CFBundleDisplayName = "Mesmer";
				INFOPLIST_KEY_LSApplicationCategoryType = "public.app-category.productivity";
				INFOPLIST_KEY_NSMicrophoneUsageDescription = "Mesmer needs microphone access to transcribe your speech on-device.";
				INFOPLIST_KEY_NSSpeechRecognitionUsageDescription = "Mesmer uses on-device speech recognition to transcribe your voice.";
				LD_RUNPATH_SEARCH_PATHS = (
					"$(inherited)",
					"@executable_path/../Frameworks",
				);
				MARKETING_VERSION = 2.0;
				PRODUCT_BUNDLE_IDENTIFIER = com.mesmer.app;
				PRODUCT_NAME = "$(TARGET_NAME)";
				SWIFT_EMIT_LOC_STRINGS = YES;
				SWIFT_VERSION = 5.0;
			};
			name = Debug;
		};
		A10000120000000000000001 /* Release */ = {
			isa = XCBuildConfiguration;
			buildSettings = {
				ARCHS = arm64;
				ASSETCATALOG_COMPILER_APPICON_NAME = AppIcon;
				CODE_SIGN_ENTITLEMENTS = Mesmer/Mesmer.entitlements;
				CODE_SIGN_STYLE = Automatic;
				DEVELOPMENT_TEAM = N26FZ4GW28;
				COMBINE_HIDPI_IMAGES = YES;
				CURRENT_PROJECT_VERSION = 2;
				GENERATE_INFOPLIST_FILE = YES;
				INFOPLIST_FILE = Mesmer/Info.plist;
				INFOPLIST_KEY_CFBundleDisplayName = "Mesmer";
				INFOPLIST_KEY_LSApplicationCategoryType = "public.app-category.productivity";
				INFOPLIST_KEY_NSMicrophoneUsageDescription = "Mesmer needs microphone access to transcribe your speech on-device.";
				INFOPLIST_KEY_NSSpeechRecognitionUsageDescription = "Mesmer uses on-device speech recognition to transcribe your voice.";
				LD_RUNPATH_SEARCH_PATHS = (
					"$(inherited)",
					"@executable_path/../Frameworks",
				);
				MARKETING_VERSION = 2.0;
				PRODUCT_BUNDLE_IDENTIFIER = com.mesmer.app;
				PRODUCT_NAME = "$(TARGET_NAME)";
				SWIFT_EMIT_LOC_STRINGS = YES;
				SWIFT_VERSION = 5.0;
			};
			name = Release;
		};
/* End XCBuildConfiguration section */

/* Begin XCConfigurationList section */
		A100000D0000000000000001 /* Build configuration list for PBXProject "Mesmer" */ = {
			isa = XCConfigurationList;
			buildConfigurations = (
				A100000F0000000000000001 /* Debug */,
				A10000100000000000000001 /* Release */,
			);
			defaultConfigurationIsVisible = 0;
			defaultConfigurationName = Release;
		};
		A100000E0000000000000001 /* Build configuration list for PBXNativeTarget "Mesmer" */ = {
			isa = XCConfigurationList;
			buildConfigurations = (
				A10000110000000000000001 /* Debug */,
				A10000120000000000000001 /* Release */,
			);
			defaultConfigurationIsVisible = 0;
			defaultConfigurationName = Release;
		};
/* End XCConfigurationList section */

	};
	rootObject = A100000C0000000000000001 /* Project object */;
}
